
Microsoft Visual Studio Solution File, Format Version 12.00
# Visual Studio Version 17
VisualStudioVersion = 17.4.33213.308
MinimumVisualStudioVersion = 10.0.40219.1
Project("{FAE04EC0-301F-11D3-BF4B-00C04F79EFBC}") = "SF2023User_NN_Lib", "SF2023User_NN_Lib\SF2023User_NN_Lib.csproj", "{6FA1743A-A328-4AA5-ABBA-A5BD2E82E00E}"
EndProject
Project("{FAE04EC0-301F-11D3-BF4B-00C04F79EFBC}") = "SF2023User_NN_LibTests", "SF2023User_NN_LibTests\SF2023User_NN_LibTests.csproj", "{93D9B66C-8D81-4535-ADC0-F7A5D02A78C0}"
EndProject
Global
	GlobalSection(SolutionConfigurationPlatforms) = preSolution
		Debug|Any CPU = Debug|Any CPU
		Release|Any CPU = Release|Any CPU
	EndGlobalSection
	GlobalSection(ProjectConfigurationPlatforms) = postSolution
		{6FA1743A-A328-4AA5-ABBA-A5BD2E82E00E}.Debug|Any CPU.ActiveCfg = Debug|Any CPU
		{6FA1743A-A328-4AA5-ABBA-A5BD2E82E00E}.Debug|Any CPU.Build.0 = Debug|Any CPU
		{6FA1743A-A328-4AA5-ABBA-A5BD2E82E00E}.Release|Any CPU.ActiveCfg = Release|Any CPU
		{6FA1743A-A328-4AA5-ABBA-A5BD2E82E00E}.Release|Any CPU.Build.0 = Release|Any CPU
		{93D9B66C-8D81-4535-ADC0-F7A5D02A78C0}.Debug|Any CPU.ActiveCfg = Debug|Any CPU
		{93D9B66C-8D81-4535-ADC0-F7A5D02A78C0}.Debug|Any CPU.Build.0 = Debug|Any CPU
		{93D9B66C-8D81-4535-ADC0-F7A5D02A78C0}.Release|Any CPU.ActiveCfg = Release|Any CPU
		{93D9B66C-8D81-4535-ADC0-F7A5D02A78C0}.Release|Any CPU.Build.0 = Release|Any CPU
	EndGlobalSection
	GlobalSection(SolutionProperties) = preSolution
		HideSolutionNode = FALSE
	EndGlobalSection
	GlobalSection(ExtensibilityGlobals) = postSolution
		SolutionGuid = {B4BF8432-5B79-4C22-B2F6-050315A4D432}
	EndGlobalSection
EndGlobal
